
Microsoft Visual Studio Solution File, Format Version 12.00
# Visual Studio Version 17
VisualStudioVersion = 17.0.31903.59
MinimumVisualStudioVersion = 10.0.40219.1
Project("{2150E333-8FDC-42A3-9474-1A3956D46DE8}") = "src", "src", "{D56BEA78-1211-4200-BCBD-EAD23B735A6A}"
EndProject
Project("{FAE04EC0-301F-11D3-BF4B-00C04F79EFBC}") = "Diten.AuthService.Api", "src\Diten.AuthService.Api\Diten.AuthService.Api.csproj", "{E0E9AB51-62EB-41E7-995C-080FBA73A545}"
EndProject
Project("{FAE04EC0-301F-11D3-BF4B-00C04F79EFBC}") = "Diten.AuthService.Application", "src\Diten.AuthService.Application\Diten.AuthService.Application.csproj", "{E268C0B4-EFEC-4270-B498-8D4DFD6E7857}"
EndProject
Project("{FAE04EC0-301F-11D3-BF4B-00C04F79EFBC}") = "Diten.AuthService.Domain", "src\Diten.AuthService.Domain\Diten.AuthService.Domain.csproj", "{EEF04983-9250-42D9-804B-C30B1C5FCDEE}"
EndProject
Project("{FAE04EC0-301F-11D3-BF4B-00C04F79EFBC}") = "Diten.AuthService.Persistence", "src\Diten.AuthService.Persistence\Diten.AuthService.Persistence.csproj", "{EF839AB9-C553-4BC3-BCD3-A48ABD9AB1B9}"
EndProject
Project("{FAE04EC0-301F-11D3-BF4B-00C04F79EFBC}") = "Diten.AuthService.Infrastructure", "src\Diten.AuthService.Infrastructure\Diten.AuthService.Infrastructure.csproj", "{824E29AC-5900-4961-A05D-D1C48F38D88E}"
EndProject
Global
	GlobalSection(SolutionConfigurationPlatforms) = preSolution
		Debug|Any CPU = Debug|Any CPU
		Release|Any CPU = Release|Any CPU
	EndGlobalSection
	GlobalSection(SolutionProperties) = preSolution
		HideSolutionNode = FALSE
	EndGlobalSection
	GlobalSection(ProjectConfigurationPlatforms) = postSolution
		{E0E9AB51-62EB-41E7-995C-080FBA73A545}.Debug|Any CPU.ActiveCfg = Debug|Any CPU
		{E0E9AB51-62EB-41E7-995C-080FBA73A545}.Debug|Any CPU.Build.0 = Debug|Any CPU
		{E0E9AB51-62EB-41E7-995C-080FBA73A545}.Release|Any CPU.ActiveCfg = Release|Any CPU
		{E0E9AB51-62EB-41E7-995C-080FBA73A545}.Release|Any CPU.Build.0 = Release|Any CPU
		{E268C0B4-EFEC-4270-B498-8D4DFD6E7857}.Debug|Any CPU.ActiveCfg = Debug|Any CPU
		{E268C0B4-EFEC-4270-B498-8D4DFD6E7857}.Debug|Any CPU.Build.0 = Debug|Any CPU
		{E268C0B4-EFEC-4270-B498-8D4DFD6E7857}.Release|Any CPU.ActiveCfg = Release|Any CPU
		{E268C0B4-EFEC-4270-B498-8D4DFD6E7857}.Release|Any CPU.Build.0 = Release|Any CPU
		{EEF04983-9250-42D9-804B-C30B1C5FCDEE}.Debug|Any CPU.ActiveCfg = Debug|Any CPU
		{EEF04983-9250-42D9-804B-C30B1C5FCDEE}.Debug|Any CPU.Build.0 = Debug|Any CPU
		{EEF04983-9250-42D9-804B-C30B1C5FCDEE}.Release|Any CPU.ActiveCfg = Release|Any CPU
		{EEF04983-9250-42D9-804B-C30B1C5FCDEE}.Release|Any CPU.Build.0 = Release|Any CPU
		{EF839AB9-C553-4BC3-BCD3-A48ABD9AB1B9}.Debug|Any CPU.ActiveCfg = Debug|Any CPU
		{EF839AB9-C553-4BC3-BCD3-A48ABD9AB1B9}.Debug|Any CPU.Build.0 = Debug|Any CPU
		{EF839AB9-C553-4BC3-BCD3-A48ABD9AB1B9}.Release|Any CPU.ActiveCfg = Release|Any CPU
		{EF839AB9-C553-4BC3-BCD3-A48ABD9AB1B9}.Release|Any CPU.Build.0 = Release|Any CPU
		{824E29AC-5900-4961-A05D-D1C48F38D88E}.Debug|Any CPU.ActiveCfg = Debug|Any CPU
		{824E29AC-5900-4961-A05D-D1C48F38D88E}.Debug|Any CPU.Build.0 = Debug|Any CPU
		{824E29AC-5900-4961-A05D-D1C48F38D88E}.Release|Any CPU.ActiveCfg = Release|Any CPU
		{824E29AC-5900-4961-A05D-D1C48F38D88E}.Release|Any CPU.Build.0 = Release|Any CPU
	EndGlobalSection
	GlobalSection(NestedProjects) = preSolution
		{E0E9AB51-62EB-41E7-995C-080FBA73A545} = {D56BEA78-1211-4200-BCBD-EAD23B735A6A}
		{E268C0B4-EFEC-4270-B498-8D4DFD6E7857} = {D56BEA78-1211-4200-BCBD-EAD23B735A6A}
		{EEF04983-9250-42D9-804B-C30B1C5FCDEE} = {D56BEA78-1211-4200-BCBD-EAD23B735A6A}
		{EF839AB9-C553-4BC3-BCD3-A48ABD9AB1B9} = {D56BEA78-1211-4200-BCBD-EAD23B735A6A}
		{824E29AC-5900-4961-A05D-D1C48F38D88E} = {D56BEA78-1211-4200-BCBD-EAD23B735A6A}
	EndGlobalSection
EndGlobal
