
Microsoft Visual Studio Solution File, Format Version 12.00
# Visual Studio Version 17
VisualStudioVersion = 17.0.31903.59
MinimumVisualStudioVersion = 10.0.40219.1
Project("{2150E333-8FDC-42A3-9474-1A3956D46DE8}") = "src", "src", "{792FA95E-83F8-4848-B2DE-A6225C0FB18F}"
EndProject
Project("{FAE04EC0-301F-11D3-BF4B-00C04F79EFBC}") = "Diten.DevEnablementService.Domain", "src\Diten.DevEnablementService.Domain\Diten.DevEnablementService.Domain.csproj", "{ECA718EA-609F-4604-910A-7B7E1E04B114}"
EndProject
Project("{FAE04EC0-301F-11D3-BF4B-00C04F79EFBC}") = "Diten.DevEnablementService.Application", "src\Diten.DevEnablementService.Application\Diten.DevEnablementService.Application.csproj", "{9396C65D-9D9F-4291-9534-A53F2BC3B70F}"
EndProject
Project("{FAE04EC0-301F-11D3-BF4B-00C04F79EFBC}") = "Diten.DevEnablementService.Persistence", "src\Diten.DevEnablementService.Persistence\Diten.DevEnablementService.Persistence.csproj", "{F818E1BD-E2D4-45A1-8DB8-2843EC078D76}"
EndProject
Project("{FAE04EC0-301F-11D3-BF4B-00C04F79EFBC}") = "Diten.DevEnablementService.Infrastructure", "src\Diten.DevEnablementService.Infrastructure\Diten.DevEnablementService.Infrastructure.csproj", "{F391E109-01CF-45F9-B9FA-F43D95C66096}"
EndProject
Project("{FAE04EC0-301F-11D3-BF4B-00C04F79EFBC}") = "Diten.DevEnablementService.Api", "src\Diten.DevEnablementService.Api\Diten.DevEnablementService.Api.csproj", "{70ADE24D-A7B6-40ED-BB52-1D76B16C134A}"
EndProject
Global
	GlobalSection(SolutionConfigurationPlatforms) = preSolution
		Debug|Any CPU = Debug|Any CPU
		Release|Any CPU = Release|Any CPU
	EndGlobalSection
	GlobalSection(SolutionProperties) = preSolution
		HideSolutionNode = FALSE
	EndGlobalSection
	GlobalSection(ProjectConfigurationPlatforms) = postSolution
		{ECA718EA-609F-4604-910A-7B7E1E04B114}.Debug|Any CPU.ActiveCfg = Debug|Any CPU
		{ECA718EA-609F-4604-910A-7B7E1E04B114}.Debug|Any CPU.Build.0 = Debug|Any CPU
		{ECA718EA-609F-4604-910A-7B7E1E04B114}.Release|Any CPU.ActiveCfg = Release|Any CPU
		{ECA718EA-609F-4604-910A-7B7E1E04B114}.Release|Any CPU.Build.0 = Release|Any CPU
		{9396C65D-9D9F-4291-9534-A53F2BC3B70F}.Debug|Any CPU.ActiveCfg = Debug|Any CPU
		{9396C65D-9D9F-4291-9534-A53F2BC3B70F}.Debug|Any CPU.Build.0 = Debug|Any CPU
		{9396C65D-9D9F-4291-9534-A53F2BC3B70F}.Release|Any CPU.ActiveCfg = Release|Any CPU
		{9396C65D-9D9F-4291-9534-A53F2BC3B70F}.Release|Any CPU.Build.0 = Release|Any CPU
		{F818E1BD-E2D4-45A1-8DB8-2843EC078D76}.Debug|Any CPU.ActiveCfg = Debug|Any CPU
		{F818E1BD-E2D4-45A1-8DB8-2843EC078D76}.Debug|Any CPU.Build.0 = Debug|Any CPU
		{F818E1BD-E2D4-45A1-8DB8-2843EC078D76}.Release|Any CPU.ActiveCfg = Release|Any CPU
		{F818E1BD-E2D4-45A1-8DB8-2843EC078D76}.Release|Any CPU.Build.0 = Release|Any CPU
		{F391E109-01CF-45F9-B9FA-F43D95C66096}.Debug|Any CPU.ActiveCfg = Debug|Any CPU
		{F391E109-01CF-45F9-B9FA-F43D95C66096}.Debug|Any CPU.Build.0 = Debug|Any CPU
		{F391E109-01CF-45F9-B9FA-F43D95C66096}.Release|Any CPU.ActiveCfg = Release|Any CPU
		{F391E109-01CF-45F9-B9FA-F43D95C66096}.Release|Any CPU.Build.0 = Release|Any CPU
		{70ADE24D-A7B6-40ED-BB52-1D76B16C134A}.Debug|Any CPU.ActiveCfg = Debug|Any CPU
		{70ADE24D-A7B6-40ED-BB52-1D76B16C134A}.Debug|Any CPU.Build.0 = Debug|Any CPU
		{70ADE24D-A7B6-40ED-BB52-1D76B16C134A}.Release|Any CPU.ActiveCfg = Release|Any CPU
		{70ADE24D-A7B6-40ED-BB52-1D76B16C134A}.Release|Any CPU.Build.0 = Release|Any CPU
	EndGlobalSection
	GlobalSection(NestedProjects) = preSolution
		{ECA718EA-609F-4604-910A-7B7E1E04B114} = {792FA95E-83F8-4848-B2DE-A6225C0FB18F}
		{9396C65D-9D9F-4291-9534-A53F2BC3B70F} = {792FA95E-83F8-4848-B2DE-A6225C0FB18F}
		{F818E1BD-E2D4-45A1-8DB8-2843EC078D76} = {792FA95E-83F8-4848-B2DE-A6225C0FB18F}
		{F391E109-01CF-45F9-B9FA-F43D95C66096} = {792FA95E-83F8-4848-B2DE-A6225C0FB18F}
		{70ADE24D-A7B6-40ED-BB52-1D76B16C134A} = {792FA95E-83F8-4848-B2DE-A6225C0FB18F}
	EndGlobalSection
EndGlobal
