
Microsoft Visual Studio Solution File, Format Version 12.00
# Visual Studio Version 17
VisualStudioVersion = 17.0.31903.59
MinimumVisualStudioVersion = 10.0.40219.1
Project("{2150E333-8FDC-42A3-9474-1A3956D46DE8}") = "src", "src", "{4499D276-B22A-463E-BC79-CEB89E729B2F}"
EndProject
Project("{FAE04EC0-301F-11D3-BF4B-00C04F79EFBC}") = "Diten.Domain", "src\Diten.EnterpriseStrategy.Domain\Diten.Domain.csproj", "{507ECEED-D9BC-4B7D-9648-0A1D8C16F3A4}"
EndProject
Project("{FAE04EC0-301F-11D3-BF4B-00C04F79EFBC}") = "Diten.Application", "src\Diten.EnterpriseStrategy.Application\Diten.Application.csproj", "{11D9F42A-F7BF-4CFA-AE49-4F8EB9FAC72D}"
EndProject
Project("{FAE04EC0-301F-11D3-BF4B-00C04F79EFBC}") = "Diten.Persistence", "src\Diten.EnterpriseStrategy.Persistence\Diten.Persistence.csproj", "{2E7034F3-8BB3-4534-A8A0-41B43B959EEC}"
EndProject
Project("{FAE04EC0-301F-11D3-BF4B-00C04F79EFBC}") = "Diten.Infrastructure", "src\Diten.EnterpriseStrategy.Infrastructure\Diten.Infrastructure.csproj", "{220E2847-24D6-4585-B6C9-B81D4B63FC1A}"
EndProject
Project("{FAE04EC0-301F-11D3-BF4B-00C04F79EFBC}") = "Diten.WebAPI", "src\Diten.EnterpriseStrategy.API\Diten.WebAPI.csproj", "{2C6511D7-3D1F-48A6-B450-2232385432AC}"
EndProject
Project("{2150E333-8FDC-42A3-9474-1A3956D46DE8}") = "tests", "tests", "{16CC4C9A-4189-4E4A-A763-D4447829FDCF}"
EndProject
Project("{FAE04EC0-301F-11D3-BF4B-00C04F79EFBC}") = "Diten.Application.Tests", "tests\Diten.Application.Tests\Diten.Application.Tests.csproj", "{09B5CE4C-C872-43CE-8995-88C8CC54FB27}"
EndProject
Project("{FAE04EC0-301F-11D3-BF4B-00C04F79EFBC}") = "Diten.EnterpriseStrategy.EndToEnd.Tests", "tests\Diten.EnterpriseStrategy.EndToEnd.Tests\Diten.EnterpriseStrategy.EndToEnd.Tests.csproj", "{BFF5CB81-1AB6-46FA-B01D-637BBC0EE323}"
EndProject
Global
	GlobalSection(SolutionConfigurationPlatforms) = preSolution
		Debug|Any CPU = Debug|Any CPU
		Release|Any CPU = Release|Any CPU
	EndGlobalSection
	GlobalSection(SolutionProperties) = preSolution
		HideSolutionNode = FALSE
	EndGlobalSection
	GlobalSection(ProjectConfigurationPlatforms) = postSolution
		{507ECEED-D9BC-4B7D-9648-0A1D8C16F3A4}.Debug|Any CPU.ActiveCfg = Debug|Any CPU
		{507ECEED-D9BC-4B7D-9648-0A1D8C16F3A4}.Debug|Any CPU.Build.0 = Debug|Any CPU
		{507ECEED-D9BC-4B7D-9648-0A1D8C16F3A4}.Release|Any CPU.ActiveCfg = Release|Any CPU
		{507ECEED-D9BC-4B7D-9648-0A1D8C16F3A4}.Release|Any CPU.Build.0 = Release|Any CPU
		{11D9F42A-F7BF-4CFA-AE49-4F8EB9FAC72D}.Debug|Any CPU.ActiveCfg = Debug|Any CPU
		{11D9F42A-F7BF-4CFA-AE49-4F8EB9FAC72D}.Debug|Any CPU.Build.0 = Debug|Any CPU
		{11D9F42A-F7BF-4CFA-AE49-4F8EB9FAC72D}.Release|Any CPU.ActiveCfg = Release|Any CPU
		{11D9F42A-F7BF-4CFA-AE49-4F8EB9FAC72D}.Release|Any CPU.Build.0 = Release|Any CPU
		{2E7034F3-8BB3-4534-A8A0-41B43B959EEC}.Debug|Any CPU.ActiveCfg = Debug|Any CPU
		{2E7034F3-8BB3-4534-A8A0-41B43B959EEC}.Debug|Any CPU.Build.0 = Debug|Any CPU
		{2E7034F3-8BB3-4534-A8A0-41B43B959EEC}.Release|Any CPU.ActiveCfg = Release|Any CPU
		{2E7034F3-8BB3-4534-A8A0-41B43B959EEC}.Release|Any CPU.Build.0 = Release|Any CPU
		{220E2847-24D6-4585-B6C9-B81D4B63FC1A}.Debug|Any CPU.ActiveCfg = Debug|Any CPU
		{220E2847-24D6-4585-B6C9-B81D4B63FC1A}.Debug|Any CPU.Build.0 = Debug|Any CPU
		{220E2847-24D6-4585-B6C9-B81D4B63FC1A}.Release|Any CPU.ActiveCfg = Release|Any CPU
		{220E2847-24D6-4585-B6C9-B81D4B63FC1A}.Release|Any CPU.Build.0 = Release|Any CPU
		{2C6511D7-3D1F-48A6-B450-2232385432AC}.Debug|Any CPU.ActiveCfg = Debug|Any CPU
		{2C6511D7-3D1F-48A6-B450-2232385432AC}.Debug|Any CPU.Build.0 = Debug|Any CPU
		{2C6511D7-3D1F-48A6-B450-2232385432AC}.Release|Any CPU.ActiveCfg = Release|Any CPU
		{2C6511D7-3D1F-48A6-B450-2232385432AC}.Release|Any CPU.Build.0 = Release|Any CPU
		{09B5CE4C-C872-43CE-8995-88C8CC54FB27}.Debug|Any CPU.ActiveCfg = Debug|Any CPU
		{09B5CE4C-C872-43CE-8995-88C8CC54FB27}.Debug|Any CPU.Build.0 = Debug|Any CPU
		{09B5CE4C-C872-43CE-8995-88C8CC54FB27}.Release|Any CPU.ActiveCfg = Release|Any CPU
		{09B5CE4C-C872-43CE-8995-88C8CC54FB27}.Release|Any CPU.Build.0 = Release|Any CPU
		{BFF5CB81-1AB6-46FA-B01D-637BBC0EE323}.Debug|Any CPU.ActiveCfg = Debug|Any CPU
		{BFF5CB81-1AB6-46FA-B01D-637BBC0EE323}.Debug|Any CPU.Build.0 = Debug|Any CPU
		{BFF5CB81-1AB6-46FA-B01D-637BBC0EE323}.Release|Any CPU.ActiveCfg = Release|Any CPU
		{BFF5CB81-1AB6-46FA-B01D-637BBC0EE323}.Release|Any CPU.Build.0 = Release|Any CPU
	EndGlobalSection
	GlobalSection(NestedProjects) = preSolution
		{507ECEED-D9BC-4B7D-9648-0A1D8C16F3A4} = {4499D276-B22A-463E-BC79-CEB89E729B2F}
		{11D9F42A-F7BF-4CFA-AE49-4F8EB9FAC72D} = {4499D276-B22A-463E-BC79-CEB89E729B2F}
		{2E7034F3-8BB3-4534-A8A0-41B43B959EEC} = {4499D276-B22A-463E-BC79-CEB89E729B2F}
		{220E2847-24D6-4585-B6C9-B81D4B63FC1A} = {4499D276-B22A-463E-BC79-CEB89E729B2F}
		{2C6511D7-3D1F-48A6-B450-2232385432AC} = {4499D276-B22A-463E-BC79-CEB89E729B2F}
		{09B5CE4C-C872-43CE-8995-88C8CC54FB27} = {16CC4C9A-4189-4E4A-A763-D4447829FDCF}
		{BFF5CB81-1AB6-46FA-B01D-637BBC0EE323} = {16CC4C9A-4189-4E4A-A763-D4447829FDCF}
	EndGlobalSection
EndGlobal
